// !$*UTF8*$!
{
	archiveVersion = 1;
	classes = {
	};
	objectVersion = 56;
	objects = {

/* Begin PBXBuildFile section */
		0409D87E29E8E20B003705FD /* landmarkData.json in Resources */ = {isa = PBXBuildFile; fileRef = 0409D87D29E8E20B003705FD /* landmarkData.json */; };
		0409D88029E8E23E003705FD /* Landamark.swift in Sources */ = {isa = PBXBuildFile; fileRef = 0409D87F29E8E23E003705FD /* Landamark.swift */; };
		0409D88229E8E30D003705FD /* ModelData.swift in Sources */ = {isa = PBXBuildFile; fileRef = 0409D88129E8E30D003705FD /* ModelData.swift */; };
		0409D88B29E8E4CF003705FD /* LandmarkRow.swift in Sources */ = {isa = PBXBuildFile; fileRef = 0409D88A29E8E4CF003705FD /* LandmarkRow.swift */; };
		0409D88D29E8E837003705FD /* LandmarkList.swift in Sources */ = {isa = PBXBuildFile; fileRef = 0409D88C29E8E837003705FD /* LandmarkList.swift */; };
		0409D88F29E8EA9D003705FD /* LandmarkDetail.swift in Sources */ = {isa = PBXBuildFile; fileRef = 0409D88E29E8EA9D003705FD /* LandmarkDetail.swift */; };
		0409D89129E8FC43003705FD /* FavoriteButton.swift in Sources */ = {isa = PBXBuildFile; fileRef = 0409D89029E8FC43003705FD /* FavoriteButton.swift */; };
		0409D89529E8FE7E003705FD /* HexagonParameters.swift in Sources */ = {isa = PBXBuildFile; fileRef = 0409D89429E8FE7E003705FD /* HexagonParameters.swift */; };
		0409D89729E8FF3D003705FD /* BadgeBackground.swift in Sources */ = {isa = PBXBuildFile; fileRef = 0409D89629E8FF3D003705FD /* BadgeBackground.swift */; };
		0409D89929E9015A003705FD /* BadgeSymbol.swift in Sources */ = {isa = PBXBuildFile; fileRef = 0409D89829E9015A003705FD /* BadgeSymbol.swift */; };
		0409D89B29E901B9003705FD /* RotatedBadgeSymbol.swift in Sources */ = {isa = PBXBuildFile; fileRef = 0409D89A29E901B9003705FD /* RotatedBadgeSymbol.swift */; };
		0409D89D29E901F7003705FD /* Badge.swift in Sources */ = {isa = PBXBuildFile; fileRef = 0409D89C29E901F7003705FD /* Badge.swift */; };
		0409D8A029E90316003705FD /* hikeData.json in Resources */ = {isa = PBXBuildFile; fileRef = 0409D89F29E90316003705FD /* hikeData.json */; };
		0409D8A229E9034E003705FD /* Hike.swift in Sources */ = {isa = PBXBuildFile; fileRef = 0409D8A129E9034E003705FD /* Hike.swift */; };
		0409D8A829E903CE003705FD /* GraphCapsule.swift in Sources */ = {isa = PBXBuildFile; fileRef = 0409D8A429E903CE003705FD /* GraphCapsule.swift */; };
		0409D8A929E903CE003705FD /* HikeGraph.swift in Sources */ = {isa = PBXBuildFile; fileRef = 0409D8A529E903CE003705FD /* HikeGraph.swift */; };
		0409D8AA29E903CE003705FD /* HikeDetail.swift in Sources */ = {isa = PBXBuildFile; fileRef = 0409D8A629E903CE003705FD /* HikeDetail.swift */; };
		0409D8AB29E903CE003705FD /* HikeView.swift in Sources */ = {isa = PBXBuildFile; fileRef = 0409D8A729E903CE003705FD /* HikeView.swift */; };
		046FF87A29EE31A40066A699 /* CategoryHome.swift in Sources */ = {isa = PBXBuildFile; fileRef = 046FF87929EE31A40066A699 /* CategoryHome.swift */; };
		04C0CE4029E4ECEB00A2262C /* _706012110042_Dave_Nathaniel_Y_AFL3App.swift in Sources */ = {isa = PBXBuildFile; fileRef = 04C0CE3F29E4ECEB00A2262C /* _706012110042_Dave_Nathaniel_Y_AFL3App.swift */; };
		04C0CE4229E4ECEB00A2262C /* ContentView.swift in Sources */ = {isa = PBXBuildFile; fileRef = 04C0CE4129E4ECEB00A2262C /* ContentView.swift */; };
		04C0CE4429E4ECEE00A2262C /* Assets.xcassets in Resources */ = {isa = PBXBuildFile; fileRef = 04C0CE4329E4ECEE00A2262C /* Assets.xcassets */; };
		04C0CE4729E4ECEE00A2262C /* Preview Assets.xcassets in Resources */ = {isa = PBXBuildFile; fileRef = 04C0CE4629E4ECEE00A2262C /* Preview Assets.xcassets */; };
		04C0CE5129E4ECEE00A2262C /* _706012110042_Dave_Nathaniel_Y_AFL3Tests.swift in Sources */ = {isa = PBXBuildFile; fileRef = 04C0CE5029E4ECEE00A2262C /* _706012110042_Dave_Nathaniel_Y_AFL3Tests.swift */; };
		04C0CE5B29E4ECEE00A2262C /* _706012110042_Dave_Nathaniel_Y_AFL3UITests.swift in Sources */ = {isa = PBXBuildFile; fileRef = 04C0CE5A29E4ECEE00A2262C /* _706012110042_Dave_Nathaniel_Y_AFL3UITests.swift */; };
		04C0CE5D29E4ECEE00A2262C /* _706012110042_Dave_Nathaniel_Y_AFL3UITestsLaunchTests.swift in Sources */ = {isa = PBXBuildFile; fileRef = 04C0CE5C29E4ECEE00A2262C /* _706012110042_Dave_Nathaniel_Y_AFL3UITestsLaunchTests.swift */; };
		04C0CE6A29E4F75000A2262C /* CircleImage.swift in Sources */ = {isa = PBXBuildFile; fileRef = 04C0CE6929E4F75000A2262C /* CircleImage.swift */; };
		04C0CE6C29E4F88400A2262C /* MapView.swift in Sources */ = {isa = PBXBuildFile; fileRef = 04C0CE6B29E4F88400A2262C /* MapView.swift */; };
/* End PBXBuildFile section */

/* Begin PBXContainerItemProxy section */
		04C0CE4D29E4ECEE00A2262C /* PBXContainerItemProxy */ = {
			isa = PBXContainerItemProxy;
			containerPortal = 04C0CE3429E4ECEB00A2262C /* Project object */;
			proxyType = 1;
			remoteGlobalIDString = 04C0CE3B29E4ECEB00A2262C;
			remoteInfo = "0706012110042-Dave Nathaniel Y-AFL3";
		};
		04C0CE5729E4ECEE00A2262C /* PBXContainerItemProxy */ = {
			isa = PBXContainerItemProxy;
			containerPortal = 04C0CE3429E4ECEB00A2262C /* Project object */;
			proxyType = 1;
			remoteGlobalIDString = 04C0CE3B29E4ECEB00A2262C;
			remoteInfo = "0706012110042-Dave Nathaniel Y-AFL3";
		};
/* End PBXContainerItemProxy section */

/* Begin PBXFileReference section */
		0409D87D29E8E20B003705FD /* landmarkData.json */ = {isa = PBXFileReference; fileEncoding = 4; lastKnownFileType = text.json; path = landmarkData.json; sourceTree = "<group>"; };
		0409D87F29E8E23E003705FD /* Landamark.swift */ = {isa = PBXFileReference; lastKnownFileType = sourcecode.swift; path = Landamark.swift; sourceTree = "<group>"; };
		0409D88129E8E30D003705FD /* ModelData.swift */ = {isa = PBXFileReference; lastKnownFileType = sourcecode.swift; path = ModelData.swift; sourceTree = "<group>"; };
		0409D88A29E8E4CF003705FD /* LandmarkRow.swift */ = {isa = PBXFileReference; lastKnownFileType = sourcecode.swift; path = LandmarkRow.swift; sourceTree = "<group>"; };
		0409D88C29E8E837003705FD /* LandmarkList.swift */ = {isa = PBXFileReference; lastKnownFileType = sourcecode.swift; path = LandmarkList.swift; sourceTree = "<group>"; };
		0409D88E29E8EA9D003705FD /* LandmarkDetail.swift */ = {isa = PBXFileReference; lastKnownFileType = sourcecode.swift; path = LandmarkDetail.swift; sourceTree = "<group>"; };
		0409D89029E8FC43003705FD /* FavoriteButton.swift */ = {isa = PBXFileReference; lastKnownFileType = sourcecode.swift; path = FavoriteButton.swift; sourceTree = "<group>"; };
		0409D89429E8FE7E003705FD /* HexagonParameters.swift */ = {isa = PBXFileReference; lastKnownFileType = sourcecode.swift; path = HexagonParameters.swift; sourceTree = "<group>"; };
		0409D89629E8FF3D003705FD /* BadgeBackground.swift */ = {isa = PBXFileReference; lastKnownFileType = sourcecode.swift; path = BadgeBackground.swift; sourceTree = "<group>"; };
		0409D89829E9015A003705FD /* BadgeSymbol.swift */ = {isa = PBXFileReference; lastKnownFileType = sourcecode.swift; path = BadgeSymbol.swift; sourceTree = "<group>"; };
		0409D89A29E901B9003705FD /* RotatedBadgeSymbol.swift */ = {isa = PBXFileReference; lastKnownFileType = sourcecode.swift; path = RotatedBadgeSymbol.swift; sourceTree = "<group>"; };
		0409D89C29E901F7003705FD /* Badge.swift */ = {isa = PBXFileReference; lastKnownFileType = sourcecode.swift; path = Badge.swift; sourceTree = "<group>"; };
		0409D89F29E90316003705FD /* hikeData.json */ = {isa = PBXFileReference; fileEncoding = 4; lastKnownFileType = text.json; path = hikeData.json; sourceTree = "<group>"; };
		0409D8A129E9034E003705FD /* Hike.swift */ = {isa = PBXFileReference; lastKnownFileType = sourcecode.swift; path = Hike.swift; sourceTree = "<group>"; };
		0409D8A429E903CE003705FD /* GraphCapsule.swift */ = {isa = PBXFileReference; fileEncoding = 4; lastKnownFileType = sourcecode.swift; path = GraphCapsule.swift; sourceTree = "<group>"; };
		0409D8A529E903CE003705FD /* HikeGraph.swift */ = {isa = PBXFileReference; fileEncoding = 4; lastKnownFileType = sourcecode.swift; path = HikeGraph.swift; sourceTree = "<group>"; };
		0409D8A629E903CE003705FD /* HikeDetail.swift */ = {isa = PBXFileReference; fileEncoding = 4; lastKnownFileType = sourcecode.swift; path = HikeDetail.swift; sourceTree = "<group>"; };
		0409D8A729E903CE003705FD /* HikeView.swift */ = {isa = PBXFileReference; fileEncoding = 4; lastKnownFileType = sourcecode.swift; path = HikeView.swift; sourceTree = "<group>"; };
		046FF87929EE31A40066A699 /* CategoryHome.swift */ = {isa = PBXFileReference; lastKnownFileType = sourcecode.swift; path = CategoryHome.swift; sourceTree = "<group>"; };
		04C0CE3C29E4ECEB00A2262C /* 0706012110042-Dave Nathaniel Y-AFL3.app */ = {isa = PBXFileReference; explicitFileType = wrapper.application; includeInIndex = 0; path = "0706012110042-Dave Nathaniel Y-AFL3.app"; sourceTree = BUILT_PRODUCTS_DIR; };
		04C0CE3F29E4ECEB00A2262C /* _706012110042_Dave_Nathaniel_Y_AFL3App.swift */ = {isa = PBXFileReference; lastKnownFileType = sourcecode.swift; path = _706012110042_Dave_Nathaniel_Y_AFL3App.swift; sourceTree = "<group>"; };
		04C0CE4129E4ECEB00A2262C /* ContentView.swift */ = {isa = PBXFileReference; lastKnownFileType = sourcecode.swift; path = ContentView.swift; sourceTree = "<group>"; };
		04C0CE4329E4ECEE00A2262C /* Assets.xcassets */ = {isa = PBXFileReference; lastKnownFileType = folder.assetcatalog; path = Assets.xcassets; sourceTree = "<group>"; };
		04C0CE4629E4ECEE00A2262C /* Preview Assets.xcassets */ = {isa = PBXFileReference; lastKnownFileType = folder.assetcatalog; path = "Preview Assets.xcassets"; sourceTree = "<group>"; };
		04C0CE4C29E4ECEE00A2262C /* 0706012110042-Dave Nathaniel Y-AFL3Tests.xctest */ = {isa = PBXFileReference; explicitFileType = wrapper.cfbundle; includeInIndex = 0; path = "0706012110042-Dave Nathaniel Y-AFL3Tests.xctest"; sourceTree = BUILT_PRODUCTS_DIR; };
		04C0CE5029E4ECEE00A2262C /* _706012110042_Dave_Nathaniel_Y_AFL3Tests.swift */ = {isa = PBXFileReference; lastKnownFileType = sourcecode.swift; path = _706012110042_Dave_Nathaniel_Y_AFL3Tests.swift; sourceTree = "<group>"; };
		04C0CE5629E4ECEE00A2262C /* 0706012110042-Dave Nathaniel Y-AFL3UITests.xctest */ = {isa = PBXFileReference; explicitFileType = wrapper.cfbundle; includeInIndex = 0; path = "0706012110042-Dave Nathaniel Y-AFL3UITests.xctest"; sourceTree = BUILT_PRODUCTS_DIR; };
		04C0CE5A29E4ECEE00A2262C /* _706012110042_Dave_Nathaniel_Y_AFL3UITests.swift */ = {isa = PBXFileReference; lastKnownFileType = sourcecode.swift; path = _706012110042_Dave_Nathaniel_Y_AFL3UITests.swift; sourceTree = "<group>"; };
		04C0CE5C29E4ECEE00A2262C /* _706012110042_Dave_Nathaniel_Y_AFL3UITestsLaunchTests.swift */ = {isa = PBXFileReference; lastKnownFileType = sourcecode.swift; path = _706012110042_Dave_Nathaniel_Y_AFL3UITestsLaunchTests.swift; sourceTree = "<group>"; };
		04C0CE6929E4F75000A2262C /* CircleImage.swift */ = {isa = PBXFileReference; lastKnownFileType = sourcecode.swift; path = CircleImage.swift; sourceTree = "<group>"; };
		04C0CE6B29E4F88400A2262C /* MapView.swift */ = {isa = PBXFileReference; lastKnownFileType = sourcecode.swift; path = MapView.swift; sourceTree = "<group>"; };
/* End PBXFileReference section */

/* Begin PBXFrameworksBuildPhase section */
		04C0CE3929E4ECEB00A2262C /* Frameworks */ = {
			isa = PBXFrameworksBuildPhase;
			buildActionMask = 2147483647;
			files = (
			);
			runOnlyForDeploymentPostprocessing = 0;
		};
		04C0CE4929E4ECEE00A2262C /* Frameworks */ = {
			isa = PBXFrameworksBuildPhase;
			buildActionMask = 2147483647;
			files = (
			);
			runOnlyForDeploymentPostprocessing = 0;
		};
		04C0CE5329E4ECEE00A2262C /* Frameworks */ = {
			isa = PBXFrameworksBuildPhase;
			buildActionMask = 2147483647;
			files = (
			);
			runOnlyForDeploymentPostprocessing = 0;
		};
/* End PBXFrameworksBuildPhase section */

/* Begin PBXGroup section */
		0409D88429E8E398003705FD /* Views */ = {
			isa = PBXGroup;
			children = (
				046FF87829EE31550066A699 /* Categories */,
				0409D8A329E903CE003705FD /* Hikes */,
				04C0CE4129E4ECEB00A2262C /* ContentView.swift */,
				0409D89229E8FCB0003705FD /* Landmarks */,
				0409D89E29E9027A003705FD /* Badges */,
				0409D89329E8FCB7003705FD /* Helpers */,
			);
			path = Views;
			sourceTree = "<group>";
		};
		0409D88629E8E3D4003705FD /* Model */ = {
			isa = PBXGroup;
			children = (
				0409D8A129E9034E003705FD /* Hike.swift */,
				0409D87F29E8E23E003705FD /* Landamark.swift */,
				0409D88129E8E30D003705FD /* ModelData.swift */,
			);
			path = Model;
			sourceTree = "<group>";
		};
		0409D88729E8E3E6003705FD /* Resources */ = {
			isa = PBXGroup;
			children = (
				0409D87D29E8E20B003705FD /* landmarkData.json */,
				0409D89F29E90316003705FD /* hikeData.json */,
			);
			path = Resources;
			sourceTree = "<group>";
		};
		0409D89229E8FCB0003705FD /* Landmarks */ = {
			isa = PBXGroup;
			children = (
				0409D88A29E8E4CF003705FD /* LandmarkRow.swift */,
				0409D88C29E8E837003705FD /* LandmarkList.swift */,
				0409D88E29E8EA9D003705FD /* LandmarkDetail.swift */,
			);
			path = Landmarks;
			sourceTree = "<group>";
		};
		0409D89329E8FCB7003705FD /* Helpers */ = {
			isa = PBXGroup;
			children = (
				04C0CE6929E4F75000A2262C /* CircleImage.swift */,
				04C0CE6B29E4F88400A2262C /* MapView.swift */,
				0409D89029E8FC43003705FD /* FavoriteButton.swift */,
			);
			path = Helpers;
			sourceTree = "<group>";
		};
		0409D89E29E9027A003705FD /* Badges */ = {
			isa = PBXGroup;
			children = (
				0409D89429E8FE7E003705FD /* HexagonParameters.swift */,
				0409D89629E8FF3D003705FD /* BadgeBackground.swift */,
				0409D89829E9015A003705FD /* BadgeSymbol.swift */,
				0409D89A29E901B9003705FD /* RotatedBadgeSymbol.swift */,
				0409D89C29E901F7003705FD /* Badge.swift */,
			);
			path = Badges;
			sourceTree = "<group>";
		};
		0409D8A329E903CE003705FD /* Hikes */ = {
			isa = PBXGroup;
			children = (
				0409D8A429E903CE003705FD /* GraphCapsule.swift */,
				0409D8A529E903CE003705FD /* HikeGraph.swift */,
				0409D8A629E903CE003705FD /* HikeDetail.swift */,
				0409D8A729E903CE003705FD /* HikeView.swift */,
			);
			path = Hikes;
			sourceTree = "<group>";
		};
		046FF87829EE31550066A699 /* Categories */ = {
			isa = PBXGroup;
			children = (
				046FF87929EE31A40066A699 /* CategoryHome.swift */,
			);
			path = Categories;
			sourceTree = "<group>";
		};
		04C0CE3329E4ECEB00A2262C = {
			isa = PBXGroup;
			children = (
				04C0CE3E29E4ECEB00A2262C /* 0706012110042-Dave Nathaniel Y-AFL3 */,
				04C0CE4F29E4ECEE00A2262C /* 0706012110042-Dave Nathaniel Y-AFL3Tests */,
				04C0CE5929E4ECEE00A2262C /* 0706012110042-Dave Nathaniel Y-AFL3UITests */,
				04C0CE3D29E4ECEB00A2262C /* Products */,
			);
			sourceTree = "<group>";
		};
		04C0CE3D29E4ECEB00A2262C /* Products */ = {
			isa = PBXGroup;
			children = (
				04C0CE3C29E4ECEB00A2262C /* 0706012110042-Dave Nathaniel Y-AFL3.app */,
				04C0CE4C29E4ECEE00A2262C /* 0706012110042-Dave Nathaniel Y-AFL3Tests.xctest */,
				04C0CE5629E4ECEE00A2262C /* 0706012110042-Dave Nathaniel Y-AFL3UITests.xctest */,
			);
			name = Products;
			sourceTree = "<group>";
		};
		04C0CE3E29E4ECEB00A2262C /* 0706012110042-Dave Nathaniel Y-AFL3 */ = {
			isa = PBXGroup;
			children = (
				04C0CE3F29E4ECEB00A2262C /* _706012110042_Dave_Nathaniel_Y_AFL3App.swift */,
				0409D88429E8E398003705FD /* Views */,
				0409D88629E8E3D4003705FD /* Model */,
				0409D88729E8E3E6003705FD /* Resources */,
				04C0CE4329E4ECEE00A2262C /* Assets.xcassets */,
				04C0CE4529E4ECEE00A2262C /* Preview Content */,
			);
			path = "0706012110042-Dave Nathaniel Y-AFL3";
			sourceTree = "<group>";
		};
		04C0CE4529E4ECEE00A2262C /* Preview Content */ = {
			isa = PBXGroup;
			children = (
				04C0CE4629E4ECEE00A2262C /* Preview Assets.xcassets */,
			);
			path = "Preview Content";
			sourceTree = "<group>";
		};
		04C0CE4F29E4ECEE00A2262C /* 0706012110042-Dave Nathaniel Y-AFL3Tests */ = {
			isa = PBXGroup;
			children = (
				04C0CE5029E4ECEE00A2262C /* _706012110042_Dave_Nathaniel_Y_AFL3Tests.swift */,
			);
			path = "0706012110042-Dave Nathaniel Y-AFL3Tests";
			sourceTree = "<group>";
		};
		04C0CE5929E4ECEE00A2262C /* 0706012110042-Dave Nathaniel Y-AFL3UITests */ = {
			isa = PBXGroup;
			children = (
				04C0CE5A29E4ECEE00A2262C /* _706012110042_Dave_Nathaniel_Y_AFL3UITests.swift */,
				04C0CE5C29E4ECEE00A2262C /* _706012110042_Dave_Nathaniel_Y_AFL3UITestsLaunchTests.swift */,
			);
			path = "0706012110042-Dave Nathaniel Y-AFL3UITests";
			sourceTree = "<group>";
		};
/* End PBXGroup section */

/* Begin PBXNativeTarget section */
		04C0CE3B29E4ECEB00A2262C /* 0706012110042-Dave Nathaniel Y-AFL3 */ = {
			isa = PBXNativeTarget;
			buildConfigurationList = 04C0CE6029E4ECEE00A2262C /* Build configuration list for PBXNativeTarget "0706012110042-Dave Nathaniel Y-AFL3" */;
			buildPhases = (
				04C0CE3829E4ECEB00A2262C /* Sources */,
				04C0CE3929E4ECEB00A2262C /* Frameworks */,
				04C0CE3A29E4ECEB00A2262C /* Resources */,
			);
			buildRules = (
			);
			dependencies = (
			);
			name = "0706012110042-Dave Nathaniel Y-AFL3";
			productName = "0706012110042-Dave Nathaniel Y-AFL3";
			productReference = 04C0CE3C29E4ECEB00A2262C /* 0706012110042-Dave Nathaniel Y-AFL3.app */;
			productType = "com.apple.product-type.application";
		};
		04C0CE4B29E4ECEE00A2262C /* 0706012110042-Dave Nathaniel Y-AFL3Tests */ = {
			isa = PBXNativeTarget;
			buildConfigurationList = 04C0CE6329E4ECEE00A2262C /* Build configuration list for PBXNativeTarget "0706012110042-Dave Nathaniel Y-AFL3Tests" */;
			buildPhases = (
				04C0CE4829E4ECEE00A2262C /* Sources */,
				04C0CE4929E4ECEE00A2262C /* Frameworks */,
				04C0CE4A29E4ECEE00A2262C /* Resources */,
			);
			buildRules = (
			);
			dependencies = (
				04C0CE4E29E4ECEE00A2262C /* PBXTargetDependency */,
			);
			name = "0706012110042-Dave Nathaniel Y-AFL3Tests";
			productName = "0706012110042-Dave Nathaniel Y-AFL3Tests";
			productReference = 04C0CE4C29E4ECEE00A2262C /* 0706012110042-Dave Nathaniel Y-AFL3Tests.xctest */;
			productType = "com.apple.product-type.bundle.unit-test";
		};
		04C0CE5529E4ECEE00A2262C /* 0706012110042-Dave Nathaniel Y-AFL3UITests */ = {
			isa = PBXNativeTarget;
			buildConfigurationList = 04C0CE6629E4ECEE00A2262C /* Build configuration list for PBXNativeTarget "0706012110042-Dave Nathaniel Y-AFL3UITests" */;
			buildPhases = (
				04C0CE5229E4ECEE00A2262C /* Sources */,
				04C0CE5329E4ECEE00A2262C /* Frameworks */,
				04C0CE5429E4ECEE00A2262C /* Resources */,
			);
			buildRules = (
			);
			dependencies = (
				04C0CE5829E4ECEE00A2262C /* PBXTargetDependency */,
			);
			name = "0706012110042-Dave Nathaniel Y-AFL3UITests";
			productName = "0706012110042-Dave Nathaniel Y-AFL3UITests";
			productReference = 04C0CE5629E4ECEE00A2262C /* 0706012110042-Dave Nathaniel Y-AFL3UITests.xctest */;
			productType = "com.apple.product-type.bundle.ui-testing";
		};
/* End PBXNativeTarget section */

/* Begin PBXProject section */
		04C0CE3429E4ECEB00A2262C /* Project object */ = {
			isa = PBXProject;
			attributes = {
				BuildIndependentTargetsInParallel = 1;
				LastSwiftUpdateCheck = 1420;
				LastUpgradeCheck = 1420;
				TargetAttributes = {
					04C0CE3B29E4ECEB00A2262C = {
						CreatedOnToolsVersion = 14.2;
					};
					04C0CE4B29E4ECEE00A2262C = {
						CreatedOnToolsVersion = 14.2;
						TestTargetID = 04C0CE3B29E4ECEB00A2262C;
					};
					04C0CE5529E4ECEE00A2262C = {
						CreatedOnToolsVersion = 14.2;
						TestTargetID = 04C0CE3B29E4ECEB00A2262C;
					};
				};
			};
			buildConfigurationList = 04C0CE3729E4ECEB00A2262C /* Build configuration list for PBXProject "0706012110042-Dave Nathaniel Y-AFL3" */;
			compatibilityVersion = "Xcode 14.0";
			developmentRegion = en;
			hasScannedForEncodings = 0;
			knownRegions = (
				en,
				Base,
			);
			mainGroup = 04C0CE3329E4ECEB00A2262C;
			productRefGroup = 04C0CE3D29E4ECEB00A2262C /* Products */;
			projectDirPath = "";
			projectRoot = "";
			targets = (
				04C0CE3B29E4ECEB00A2262C /* 0706012110042-Dave Nathaniel Y-AFL3 */,
				04C0CE4B29E4ECEE00A2262C /* 0706012110042-Dave Nathaniel Y-AFL3Tests */,
				04C0CE5529E4ECEE00A2262C /* 0706012110042-Dave Nathaniel Y-AFL3UITests */,
			);
		};
/* End PBXProject section */

/* Begin PBXResourcesBuildPhase section */
		04C0CE3A29E4ECEB00A2262C /* Resources */ = {
			isa = PBXResourcesBuildPhase;
			buildActionMask = 2147483647;
			files = (
				0409D8A029E90316003705FD /* hikeData.json in Resources */,
				04C0CE4729E4ECEE00A2262C /* Preview Assets.xcassets in Resources */,
				04C0CE4429E4ECEE00A2262C /* Assets.xcassets in Resources */,
				0409D87E29E8E20B003705FD /* landmarkData.json in Resources */,
			);
			runOnlyForDeploymentPostprocessing = 0;
		};
		04C0CE4A29E4ECEE00A2262C /* Resources */ = {
			isa = PBXResourcesBuildPhase;
			buildActionMask = 2147483647;
			files = (
			);
			runOnlyForDeploymentPostprocessing = 0;
		};
		04C0CE5429E4ECEE00A2262C /* Resources */ = {
			isa = PBXResourcesBuildPhase;
			buildActionMask = 2147483647;
			files = (
			);
			runOnlyForDeploymentPostprocessing = 0;
		};
/* End PBXResourcesBuildPhase section */

/* Begin PBXSourcesBuildPhase section */
		04C0CE3829E4ECEB00A2262C /* Sources */ = {
			isa = PBXSourcesBuildPhase;
			buildActionMask = 2147483647;
			files = (
				04C0CE4229E4ECEB00A2262C /* ContentView.swift in Sources */,
				046FF87A29EE31A40066A699 /* CategoryHome.swift in Sources */,
				0409D8A929E903CE003705FD /* HikeGraph.swift in Sources */,
				0409D89D29E901F7003705FD /* Badge.swift in Sources */,
				04C0CE6C29E4F88400A2262C /* MapView.swift in Sources */,
				0409D8A829E903CE003705FD /* GraphCapsule.swift in Sources */,
				04C0CE4029E4ECEB00A2262C /* _706012110042_Dave_Nathaniel_Y_AFL3App.swift in Sources */,
				0409D89129E8FC43003705FD /* FavoriteButton.swift in Sources */,
				0409D8AA29E903CE003705FD /* HikeDetail.swift in Sources */,
				0409D89529E8FE7E003705FD /* HexagonParameters.swift in Sources */,
				0409D8A229E9034E003705FD /* Hike.swift in Sources */,
				0409D89B29E901B9003705FD /* RotatedBadgeSymbol.swift in Sources */,
				0409D89929E9015A003705FD /* BadgeSymbol.swift in Sources */,
				0409D88D29E8E837003705FD /* LandmarkList.swift in Sources */,
				0409D8AB29E903CE003705FD /* HikeView.swift in Sources */,
				0409D88F29E8EA9D003705FD /* LandmarkDetail.swift in Sources */,
				0409D89729E8FF3D003705FD /* BadgeBackground.swift in Sources */,
				04C0CE6A29E4F75000A2262C /* CircleImage.swift in Sources */,
				0409D88029E8E23E003705FD /* Landamark.swift in Sources */,
				0409D88B29E8E4CF003705FD /* LandmarkRow.swift in Sources */,
				0409D88229E8E30D003705FD /* ModelData.swift in Sources */,
			);
			runOnlyForDeploymentPostprocessing = 0;
		};
		04C0CE4829E4ECEE00A2262C /* Sources */ = {
			isa = PBXSourcesBuildPhase;
			buildActionMask = 2147483647;
			files = (
				04C0CE5129E4ECEE00A2262C /* _706012110042_Dave_Nathaniel_Y_AFL3Tests.swift in Sources */,
			);
			runOnlyForDeploymentPostprocessing = 0;
		};
		04C0CE5229E4ECEE00A2262C /* Sources */ = {
			isa = PBXSourcesBuildPhase;
			buildActionMask = 2147483647;
			files = (
				04C0CE5B29E4ECEE00A2262C /* _706012110042_Dave_Nathaniel_Y_AFL3UITests.swift in Sources */,
				04C0CE5D29E4ECEE00A2262C /* _706012110042_Dave_Nathaniel_Y_AFL3UITestsLaunchTests.swift in Sources */,
			);
			runOnlyForDeploymentPostprocessing = 0;
		};
/* End PBXSourcesBuildPhase section */

/* Begin PBXTargetDependency section */
		04C0CE4E29E4ECEE00A2262C /* PBXTargetDependency */ = {
			isa = PBXTargetDependency;
			target = 04C0CE3B29E4ECEB00A2262C /* 0706012110042-Dave Nathaniel Y-AFL3 */;
			targetProxy = 04C0CE4D29E4ECEE00A2262C /* PBXContainerItemProxy */;
		};
		04C0CE5829E4ECEE00A2262C /* PBXTargetDependency */ = {
			isa = PBXTargetDependency;
			target = 04C0CE3B29E4ECEB00A2262C /* 0706012110042-Dave Nathaniel Y-AFL3 */;
			targetProxy = 04C0CE5729E4ECEE00A2262C /* PBXContainerItemProxy */;
		};
/* End PBXTargetDependency section */

/* Begin XCBuildConfiguration section */
		04C0CE5E29E4ECEE00A2262C /* Debug */ = {
			isa = XCBuildConfiguration;
			buildSettings = {
				ALWAYS_SEARCH_USER_PATHS = NO;
				CLANG_ANALYZER_NONNULL = YES;
				CLANG_ANALYZER_NUMBER_OBJECT_CONVERSION = YES_AGGRESSIVE;
				CLANG_CXX_LANGUAGE_STANDARD = "gnu++20";
				CLANG_ENABLE_MODULES = YES;
				CLANG_ENABLE_OBJC_ARC = YES;
				CLANG_ENABLE_OBJC_WEAK = YES;
				CLANG_WARN_BLOCK_CAPTURE_AUTORELEASING = YES;
				CLANG_WARN_BOOL_CONVERSION = YES;
				CLANG_WARN_COMMA = YES;
				CLANG_WARN_CONSTANT_CONVERSION = YES;
				CLANG_WARN_DEPRECATED_OBJC_IMPLEMENTATIONS = YES;
				CLANG_WARN_DIRECT_OBJC_ISA_USAGE = YES_ERROR;
				CLANG_WARN_DOCUMENTATION_COMMENTS = YES;
				CLANG_WARN_EMPTY_BODY = YES;
				CLANG_WARN_ENUM_CONVERSION = YES;
				CLANG_WARN_INFINITE_RECURSION = YES;
				CLANG_WARN_INT_CONVERSION = YES;
				CLANG_WARN_NON_LITERAL_NULL_CONVERSION = YES;
				CLANG_WARN_OBJC_IMPLICIT_RETAIN_SELF = YES;
				CLANG_WARN_OBJC_LITERAL_CONVERSION = YES;
				CLANG_WARN_OBJC_ROOT_CLASS = YES_ERROR;
				CLANG_WARN_QUOTED_INCLUDE_IN_FRAMEWORK_HEADER = YES;
				CLANG_WARN_RANGE_LOOP_ANALYSIS = YES;
				CLANG_WARN_STRICT_PROTOTYPES = YES;
				CLANG_WARN_SUSPICIOUS_MOVE = YES;
				CLANG_WARN_UNGUARDED_AVAILABILITY = YES_AGGRESSIVE;
				CLANG_WARN_UNREACHABLE_CODE = YES;
				CLANG_WARN__DUPLICATE_METHOD_MATCH = YES;
				COPY_PHASE_STRIP = NO;
				DEBUG_INFORMATION_FORMAT = dwarf;
				ENABLE_STRICT_OBJC_MSGSEND = YES;
				ENABLE_TESTABILITY = YES;
				GCC_C_LANGUAGE_STANDARD = gnu11;
				GCC_DYNAMIC_NO_PIC = NO;
				GCC_NO_COMMON_BLOCKS = YES;
				GCC_OPTIMIZATION_LEVEL = 0;
				GCC_PREPROCESSOR_DEFINITIONS = (
					"DEBUG=1",
					"$(inherited)",
				);
				GCC_WARN_64_TO_32_BIT_CONVERSION = YES;
				GCC_WARN_ABOUT_RETURN_TYPE = YES_ERROR;
				GCC_WARN_UNDECLARED_SELECTOR = YES;
				GCC_WARN_UNINITIALIZED_AUTOS = YES_AGGRESSIVE;
				GCC_WARN_UNUSED_FUNCTION = YES;
				GCC_WARN_UNUSED_VARIABLE = YES;
				IPHONEOS_DEPLOYMENT_TARGET = 16.2;
				MTL_ENABLE_DEBUG_INFO = INCLUDE_SOURCE;
				MTL_FAST_MATH = YES;
				ONLY_ACTIVE_ARCH = YES;
				SDKROOT = iphoneos;
				SWIFT_ACTIVE_COMPILATION_CONDITIONS = DEBUG;
				SWIFT_OPTIMIZATION_LEVEL = "-Onone";
			};
			name = Debug;
		};
		04C0CE5F29E4ECEE00A2262C /* Release */ = {
			isa = XCBuildConfiguration;
			buildSettings = {
				ALWAYS_SEARCH_USER_PATHS = NO;
				CLANG_ANALYZER_NONNULL = YES;
				CLANG_ANALYZER_NUMBER_OBJECT_CONVERSION = YES_AGGRESSIVE;
				CLANG_CXX_LANGUAGE_STANDARD = "gnu++20";
				CLANG_ENABLE_MODULES = YES;
				CLANG_ENABLE_OBJC_ARC = YES;
				CLANG_ENABLE_OBJC_WEAK = YES;
				CLANG_WARN_BLOCK_CAPTURE_AUTORELEASING = YES;
				CLANG_WARN_BOOL_CONVERSION = YES;
				CLANG_WARN_COMMA = YES;
				CLANG_WARN_CONSTANT_CONVERSION = YES;
				CLANG_WARN_DEPRECATED_OBJC_IMPLEMENTATIONS = YES;
				CLANG_WARN_DIRECT_OBJC_ISA_USAGE = YES_ERROR;
				CLANG_WARN_DOCUMENTATION_COMMENTS = YES;
				CLANG_WARN_EMPTY_BODY = YES;
				CLANG_WARN_ENUM_CONVERSION = YES;
				CLANG_WARN_INFINITE_RECURSION = YES;
				CLANG_WARN_INT_CONVERSION = YES;
				CLANG_WARN_NON_LITERAL_NULL_CONVERSION = YES;
				CLANG_WARN_OBJC_IMPLICIT_RETAIN_SELF = YES;
				CLANG_WARN_OBJC_LITERAL_CONVERSION = YES;
				CLANG_WARN_OBJC_ROOT_CLASS = YES_ERROR;
				CLANG_WARN_QUOTED_INCLUDE_IN_FRAMEWORK_HEADER = YES;
				CLANG_WARN_RANGE_LOOP_ANALYSIS = YES;
				CLANG_WARN_STRICT_PROTOTYPES = YES;
				CLANG_WARN_SUSPICIOUS_MOVE = YES;
				CLANG_WARN_UNGUARDED_AVAILABILITY = YES_AGGRESSIVE;
				CLANG_WARN_UNREACHABLE_CODE = YES;
				CLANG_WARN__DUPLICATE_METHOD_MATCH = YES;
				COPY_PHASE_STRIP = NO;
				DEBUG_INFORMATION_FORMAT = "dwarf-with-dsym";
				ENABLE_NS_ASSERTIONS = NO;
				ENABLE_STRICT_OBJC_MSGSEND = YES;
				GCC_C_LANGUAGE_STANDARD = gnu11;
				GCC_NO_COMMON_BLOCKS = YES;
				GCC_WARN_64_TO_32_BIT_CONVERSION = YES;
				GCC_WARN_ABOUT_RETURN_TYPE = YES_ERROR;
				GCC_WARN_UNDECLARED_SELECTOR = YES;
				GCC_WARN_UNINITIALIZED_AUTOS = YES_AGGRESSIVE;
				GCC_WARN_UNUSED_FUNCTION = YES;
				GCC_WARN_UNUSED_VARIABLE = YES;
				IPHONEOS_DEPLOYMENT_TARGET = 16.2;
				MTL_ENABLE_DEBUG_INFO = NO;
				MTL_FAST_MATH = YES;
				SDKROOT = iphoneos;
				SWIFT_COMPILATION_MODE = wholemodule;
				SWIFT_OPTIMIZATION_LEVEL = "-O";
				VALIDATE_PRODUCT = YES;
			};
			name = Release;
		};
		04C0CE6129E4ECEE00A2262C /* Debug */ = {
			isa = XCBuildConfiguration;
			buildSettings = {
				ASSETCATALOG_COMPILER_APPICON_NAME = AppIcon;
				ASSETCATALOG_COMPILER_GLOBAL_ACCENT_COLOR_NAME = AccentColor;
				CODE_SIGN_STYLE = Automatic;
				CURRENT_PROJECT_VERSION = 1;
				DEVELOPMENT_ASSET_PATHS = "\"0706012110042-Dave Nathaniel Y-AFL3/Preview Content\"";
				DEVELOPMENT_TEAM = 5W33R96Y3B;
				ENABLE_PREVIEWS = YES;
				GENERATE_INFOPLIST_FILE = YES;
				INFOPLIST_KEY_UIApplicationSceneManifest_Generation = YES;
				INFOPLIST_KEY_UIApplicationSupportsIndirectInputEvents = YES;
				INFOPLIST_KEY_UILaunchScreen_Generation = YES;
				INFOPLIST_KEY_UISupportedInterfaceOrientations_iPad = "UIInterfaceOrientationPortrait UIInterfaceOrientationPortraitUpsideDown UIInterfaceOrientationLandscapeLeft UIInterfaceOrientationLandscapeRight";
				INFOPLIST_KEY_UISupportedInterfaceOrientations_iPhone = "UIInterfaceOrientationPortrait UIInterfaceOrientationLandscapeLeft UIInterfaceOrientationLandscapeRight";
				LD_RUNPATH_SEARCH_PATHS = (
					"$(inherited)",
					"@executable_path/Frameworks",
				);
				MARKETING_VERSION = 1.0;
				PRODUCT_BUNDLE_IDENTIFIER = "com.Dave.-706012110042-Dave-Nathaniel-Y-AFL3";
				PRODUCT_NAME = "$(TARGET_NAME)";
				SWIFT_EMIT_LOC_STRINGS = YES;
				SWIFT_VERSION = 5.0;
				TARGETED_DEVICE_FAMILY = "1,2";
			};
			name = Debug;
		};
		04C0CE6229E4ECEE00A2262C /* Release */ = {
			isa = XCBuildConfiguration;
			buildSettings = {
				ASSETCATALOG_COMPILER_APPICON_NAME = AppIcon;
				ASSETCATALOG_COMPILER_GLOBAL_ACCENT_COLOR_NAME = AccentColor;
				CODE_SIGN_STYLE = Automatic;
				CURRENT_PROJECT_VERSION = 1;
				DEVELOPMENT_ASSET_PATHS = "\"0706012110042-Dave Nathaniel Y-AFL3/Preview Content\"";
				DEVELOPMENT_TEAM = 5W33R96Y3B;
				ENABLE_PREVIEWS = YES;
				GENERATE_INFOPLIST_FILE = YES;
				INFOPLIST_KEY_UIApplicationSceneManifest_Generation = YES;
				INFOPLIST_KEY_UIApplicationSupportsIndirectInputEvents = YES;
				INFOPLIST_KEY_UILaunchScreen_Generation = YES;
				INFOPLIST_KEY_UISupportedInterfaceOrientations_iPad = "UIInterfaceOrientationPortrait UIInterfaceOrientationPortraitUpsideDown UIInterfaceOrientationLandscapeLeft UIInterfaceOrientationLandscapeRight";
				INFOPLIST_KEY_UISupportedInterfaceOrientations_iPhone = "UIInterfaceOrientationPortrait UIInterfaceOrientationLandscapeLeft UIInterfaceOrientationLandscapeRight";
				LD_RUNPATH_SEARCH_PATHS = (
					"$(inherited)",
					"@executable_path/Frameworks",
				);
				MARKETING_VERSION = 1.0;
				PRODUCT_BUNDLE_IDENTIFIER = "com.Dave.-706012110042-Dave-Nathaniel-Y-AFL3";
				PRODUCT_NAME = "$(TARGET_NAME)";
				SWIFT_EMIT_LOC_STRINGS = YES;
				SWIFT_VERSION = 5.0;
				TARGETED_DEVICE_FAMILY = "1,2";
			};
			name = Release;
		};
		04C0CE6429E4ECEE00A2262C /* Debug */ = {
			isa = XCBuildConfiguration;
			buildSettings = {
				ALWAYS_EMBED_SWIFT_STANDARD_LIBRARIES = YES;
				BUNDLE_LOADER = "$(TEST_HOST)";
				CODE_SIGN_STYLE = Automatic;
				CURRENT_PROJECT_VERSION = 1;
				DEVELOPMENT_TEAM = 5W33R96Y3B;
				GENERATE_INFOPLIST_FILE = YES;
				IPHONEOS_DEPLOYMENT_TARGET = 16.2;
				MARKETING_VERSION = 1.0;
				PRODUCT_BUNDLE_IDENTIFIER = "com.Dave.-706012110042-Dave-Nathaniel-Y-AFL3Tests";
				PRODUCT_NAME = "$(TARGET_NAME)";
				SWIFT_EMIT_LOC_STRINGS = NO;
				SWIFT_VERSION = 5.0;
				TARGETED_DEVICE_FAMILY = "1,2";
				TEST_HOST = "$(BUILT_PRODUCTS_DIR)/0706012110042-Dave Nathaniel Y-AFL3.app/$(BUNDLE_EXECUTABLE_FOLDER_PATH)/0706012110042-Dave Nathaniel Y-AFL3";
			};
			name = Debug;
		};
		04C0CE6529E4ECEE00A2262C /* Release */ = {
			isa = XCBuildConfiguration;
			buildSettings = {
				ALWAYS_EMBED_SWIFT_STANDARD_LIBRARIES = YES;
				BUNDLE_LOADER = "$(TEST_HOST)";
				CODE_SIGN_STYLE = Automatic;
				CURRENT_PROJECT_VERSION = 1;
				DEVELOPMENT_TEAM = 5W33R96Y3B;
				GENERATE_INFOPLIST_FILE = YES;
				IPHONEOS_DEPLOYMENT_TARGET = 16.2;
				MARKETING_VERSION = 1.0;
				PRODUCT_BUNDLE_IDENTIFIER = "com.Dave.-706012110042-Dave-Nathaniel-Y-AFL3Tests";
				PRODUCT_NAME = "$(TARGET_NAME)";
				SWIFT_EMIT_LOC_STRINGS = NO;
				SWIFT_VERSION = 5.0;
				TARGETED_DEVICE_FAMILY = "1,2";
				TEST_HOST = "$(BUILT_PRODUCTS_DIR)/0706012110042-Dave Nathaniel Y-AFL3.app/$(BUNDLE_EXECUTABLE_FOLDER_PATH)/0706012110042-Dave Nathaniel Y-AFL3";
			};
			name = Release;
		};
		04C0CE6729E4ECEE00A2262C /* Debug */ = {
			isa = XCBuildConfiguration;
			buildSettings = {
				ALWAYS_EMBED_SWIFT_STANDARD_LIBRARIES = YES;
				CODE_SIGN_STYLE = Automatic;
				CURRENT_PROJECT_VERSION = 1;
				DEVELOPMENT_TEAM = 5W33R96Y3B;
				GENERATE_INFOPLIST_FILE = YES;
				MARKETING_VERSION = 1.0;
				PRODUCT_BUNDLE_IDENTIFIER = "com.Dave.-706012110042-Dave-Nathaniel-Y-AFL3UITests";
				PRODUCT_NAME = "$(TARGET_NAME)";
				SWIFT_EMIT_LOC_STRINGS = NO;
				SWIFT_VERSION = 5.0;
				TARGETED_DEVICE_FAMILY = "1,2";
				TEST_TARGET_NAME = "0706012110042-Dave Nathaniel Y-AFL3";
			};
			name = Debug;
		};
		04C0CE6829E4ECEE00A2262C /* Release */ = {
			isa = XCBuildConfiguration;
			buildSettings = {
				ALWAYS_EMBED_SWIFT_STANDARD_LIBRARIES = YES;
				CODE_SIGN_STYLE = Automatic;
				CURRENT_PROJECT_VERSION = 1;
				DEVELOPMENT_TEAM = 5W33R96Y3B;
				GENERATE_INFOPLIST_FILE = YES;
				MARKETING_VERSION = 1.0;
				PRODUCT_BUNDLE_IDENTIFIER = "com.Dave.-706012110042-Dave-Nathaniel-Y-AFL3UITests";
				PRODUCT_NAME = "$(TARGET_NAME)";
				SWIFT_EMIT_LOC_STRINGS = NO;
				SWIFT_VERSION = 5.0;
				TARGETED_DEVICE_FAMILY = "1,2";
				TEST_TARGET_NAME = "0706012110042-Dave Nathaniel Y-AFL3";
			};
			name = Release;
		};
/* End XCBuildConfiguration section */

/* Begin XCConfigurationList section */
		04C0CE3729E4ECEB00A2262C /* Build configuration list for PBXProject "0706012110042-Dave Nathaniel Y-AFL3" */ = {
			isa = XCConfigurationList;
			buildConfigurations = (
				04C0CE5E29E4ECEE00A2262C /* Debug */,
				04C0CE5F29E4ECEE00A2262C /* Release */,
			);
			defaultConfigurationIsVisible = 0;
			defaultConfigurationName = Release;
		};
		04C0CE6029E4ECEE00A2262C /* Build configuration list for PBXNativeTarget "0706012110042-Dave Nathaniel Y-AFL3" */ = {
			isa = XCConfigurationList;
			buildConfigurations = (
				04C0CE6129E4ECEE00A2262C /* Debug */,
				04C0CE6229E4ECEE00A2262C /* Release */,
			);
			defaultConfigurationIsVisible = 0;
			defaultConfigurationName = Release;
		};
		04C0CE6329E4ECEE00A2262C /* Build configuration list for PBXNativeTarget "0706012110042-Dave Nathaniel Y-AFL3Tests" */ = {
			isa = XCConfigurationList;
			buildConfigurations = (
				04C0CE6429E4ECEE00A2262C /* Debug */,
				04C0CE6529E4ECEE00A2262C /* Release */,
			);
			defaultConfigurationIsVisible = 0;
			defaultConfigurationName = Release;
		};
		04C0CE6629E4ECEE00A2262C /* Build configuration list for PBXNativeTarget "0706012110042-Dave Nathaniel Y-AFL3UITests" */ = {
			isa = XCConfigurationList;
			buildConfigurations = (
				04C0CE6729E4ECEE00A2262C /* Debug */,
				04C0CE6829E4ECEE00A2262C /* Release */,
			);
			defaultConfigurationIsVisible = 0;
			defaultConfigurationName = Release;
		};
/* End XCConfigurationList section */
	};
	rootObject = 04C0CE3429E4ECEB00A2262C /* Project object */;
}
